# THIS IS AN AUTOGENERATED FILE. DO NOT EDIT THIS FILE DIRECTLY.
# yarn lockfile v1


v8-android@~8.80.0:
  version "8.80.0"
  resolved "https://registry.yarnpkg.com/v8-android/-/v8-android-8.80.0.tgz#59a6bb67b745f19397bbdd5e5e8e084c6933ff52"
  integrity sha512-Bkw48Bzgigm87WD4Yg9V/OGQmho5LngiwPKrMA0VmLQxWAUqW5axqaYFvxEuszdzSl9PIiceGhKTKEM2BM559Q==
