# THIS IS AN AUTOGENERATED FILE. DO NOT EDIT THIS FILE DIRECTLY.
# yarn lockfile v1


v8-android@^7.5.1:
  version "7.5.1"
  resolved "https://registry.yarnpkg.com/v8-android/-/v8-android-7.5.1.tgz#490288785381826d6c96323cecfb3fdbf2200424"
  integrity sha512-FFte/j4T8UtrEd6IB8hGFZS40+kTvgoSa/+krCTBbRPij18mez2CPGyfOa+sJdCSxuXGEj7g7pzOBdtqgzdqow==
