# THIS IS AN AUTOGENERATED FILE. DO NOT EDIT THIS FILE DIRECTLY.
# yarn lockfile v1


v8-android@^7.8.0:
  version "7.8.0"
  resolved "https://registry.yarnpkg.com/v8-android/-/v8-android-7.8.0.tgz#5c95722fe78a8b488563f18a0dab238495cf56ac"
  integrity sha512-nBzlNYoCgptxaKlJ7O6miQsF+ctY33Tk+HmqxFDVy29LqEm7Tf13r0al71TYrh1TOu9mHZAEJJTpjdpyN4o0bw==
